Microsoft Visual Studio Solution File, Format Version 12.00
# Visual Studio Version 17
VisualStudioVersion = 17.5.2.0
MinimumVisualStudioVersion = 10.0.40219.1
Project("{FAE04EC0-301F-11D3-BF4B-00C04F79EFBC}") = "Job-application-portal-web-api", "Job-application-portal-web-api.csproj", "{A0A53187-2099-BD83-5F7A-DAEDC59CB651}"
EndProject
Global
	GlobalSection(SolutionConfigurationPlatforms) = preSolution
		Debug|Any CPU = Debug|Any CPU
		Release|Any CPU = Release|Any CPU
	EndGlobalSection
	GlobalSection(ProjectConfigurationPlatforms) = postSolution
		{A0A53187-2099-BD83-5F7A-DAEDC59CB651}.Debug|Any CPU.ActiveCfg = Debug|Any CPU
		{A0A53187-2099-BD83-5F7A-DAEDC59CB651}.Debug|Any CPU.Build.0 = Debug|Any CPU
		{A0A53187-2099-BD83-5F7A-DAEDC59CB651}.Release|Any CPU.ActiveCfg = Release|Any CPU
		{A0A53187-2099-BD83-5F7A-DAEDC59CB651}.Release|Any CPU.Build.0 = Release|Any CPU
	EndGlobalSection
	GlobalSection(SolutionProperties) = preSolution
		HideSolutionNode = FALSE
	EndGlobalSection
	GlobalSection(ExtensibilityGlobals) = postSolution
		SolutionGuid = {0CF3E7D4-B886-414F-B4BA-C7E436905C1C}
	EndGlobalSection
EndGlobal
